
Microsoft Visual Studio Solution File, Format Version 12.00
# Visual Studio 14
VisualStudioVersion = 14.0.25420.1
MinimumVisualStudioVersion = 10.0.40219.1
Project("{FAE04EC0-301F-11D3-BF4B-00C04F79EFBC}") = "VtrFramework", "VtrFramework\VtrFramework.csproj", "{14C54A1D-116B-4CF7-8C03-8BAA8B6EA344}"
EndProject
Project("{FAE04EC0-301F-11D3-BF4B-00C04F79EFBC}") = "VtrFramework.Test", "VtrFramework.Test\VtrFramework.Test.csproj", "{DC20CFC5-A565-42BB-913E-4716DE19D66A}"
EndProject
Project("{FAE04EC0-301F-11D3-BF4B-00C04F79EFBC}") = "VtrFramework.WebForms", "VtrFramework.WebForms\VtrFramework.WebForms.csproj", "{90C6F198-8074-48B5-9C6C-EDC48A665BBD}"
EndProject
Project("{FAE04EC0-301F-11D3-BF4B-00C04F79EFBC}") = "VtrFramework.WebForms.Test", "VtrFramework.WebForms.Test\VtrFramework.WebForms.Test.csproj", "{8277BA0F-E111-4BF5-A307-E95A4135FF16}"
EndProject
Project("{FAE04EC0-301F-11D3-BF4B-00C04F79EFBC}") = "VtrFramework.MetaData", "VtrFramework.Metadata\VtrFramework.MetaData.csproj", "{1171EC6F-0B2F-4276-9D84-059C3AF69DF1}"
EndProject
Project("{FAE04EC0-301F-11D3-BF4B-00C04F79EFBC}") = "VtrFramework.MetaData.Test", "VtrFramework.Metadata.Test\VtrFramework.MetaData.Test.csproj", "{D08A0EE8-04F0-4A90-B32E-865F4B17A669}"
EndProject
Project("{FAE04EC0-301F-11D3-BF4B-00C04F79EFBC}") = "VtrFramework.CodeGenerator", "VtrFramework.CodeGenerator\VtrFramework.CodeGenerator.csproj", "{AF0555B9-2BF2-4C5C-95CB-31EB55C8DF15}"
EndProject
Project("{FAE04EC0-301F-11D3-BF4B-00C04F79EFBC}") = "VtrFramework.CodeGenerator.Test", "VtrFramework.CodeGenerator.Test\VtrFramework.CodeGenerator.Test.csproj", "{F7917584-7CDD-4476-8286-5FE68E64E3F9}"
EndProject
Global
	GlobalSection(SolutionConfigurationPlatforms) = preSolution
		Debug|Any CPU = Debug|Any CPU
		Release|Any CPU = Release|Any CPU
	EndGlobalSection
	GlobalSection(ProjectConfigurationPlatforms) = postSolution
		{14C54A1D-116B-4CF7-8C03-8BAA8B6EA344}.Debug|Any CPU.ActiveCfg = Debug|Any CPU
		{14C54A1D-116B-4CF7-8C03-8BAA8B6EA344}.Debug|Any CPU.Build.0 = Debug|Any CPU
		{14C54A1D-116B-4CF7-8C03-8BAA8B6EA344}.Release|Any CPU.ActiveCfg = Release|Any CPU
		{14C54A1D-116B-4CF7-8C03-8BAA8B6EA344}.Release|Any CPU.Build.0 = Release|Any CPU
		{DC20CFC5-A565-42BB-913E-4716DE19D66A}.Debug|Any CPU.ActiveCfg = Debug|Any CPU
		{DC20CFC5-A565-42BB-913E-4716DE19D66A}.Debug|Any CPU.Build.0 = Debug|Any CPU
		{DC20CFC5-A565-42BB-913E-4716DE19D66A}.Release|Any CPU.ActiveCfg = Release|Any CPU
		{DC20CFC5-A565-42BB-913E-4716DE19D66A}.Release|Any CPU.Build.0 = Release|Any CPU
		{90C6F198-8074-48B5-9C6C-EDC48A665BBD}.Debug|Any CPU.ActiveCfg = Debug|Any CPU
		{90C6F198-8074-48B5-9C6C-EDC48A665BBD}.Debug|Any CPU.Build.0 = Debug|Any CPU
		{90C6F198-8074-48B5-9C6C-EDC48A665BBD}.Release|Any CPU.ActiveCfg = Release|Any CPU
		{90C6F198-8074-48B5-9C6C-EDC48A665BBD}.Release|Any CPU.Build.0 = Release|Any CPU
		{8277BA0F-E111-4BF5-A307-E95A4135FF16}.Debug|Any CPU.ActiveCfg = Debug|Any CPU
		{8277BA0F-E111-4BF5-A307-E95A4135FF16}.Debug|Any CPU.Build.0 = Debug|Any CPU
		{8277BA0F-E111-4BF5-A307-E95A4135FF16}.Release|Any CPU.ActiveCfg = Release|Any CPU
		{8277BA0F-E111-4BF5-A307-E95A4135FF16}.Release|Any CPU.Build.0 = Release|Any CPU
		{1171EC6F-0B2F-4276-9D84-059C3AF69DF1}.Debug|Any CPU.ActiveCfg = Debug|Any CPU
		{1171EC6F-0B2F-4276-9D84-059C3AF69DF1}.Debug|Any CPU.Build.0 = Debug|Any CPU
		{1171EC6F-0B2F-4276-9D84-059C3AF69DF1}.Release|Any CPU.ActiveCfg = Release|Any CPU
		{1171EC6F-0B2F-4276-9D84-059C3AF69DF1}.Release|Any CPU.Build.0 = Release|Any CPU
		{D08A0EE8-04F0-4A90-B32E-865F4B17A669}.Debug|Any CPU.ActiveCfg = Debug|Any CPU
		{D08A0EE8-04F0-4A90-B32E-865F4B17A669}.Debug|Any CPU.Build.0 = Debug|Any CPU
		{D08A0EE8-04F0-4A90-B32E-865F4B17A669}.Release|Any CPU.ActiveCfg = Release|Any CPU
		{D08A0EE8-04F0-4A90-B32E-865F4B17A669}.Release|Any CPU.Build.0 = Release|Any CPU
		{AF0555B9-2BF2-4C5C-95CB-31EB55C8DF15}.Debug|Any CPU.ActiveCfg = Debug|Any CPU
		{AF0555B9-2BF2-4C5C-95CB-31EB55C8DF15}.Debug|Any CPU.Build.0 = Debug|Any CPU
		{AF0555B9-2BF2-4C5C-95CB-31EB55C8DF15}.Release|Any CPU.ActiveCfg = Release|Any CPU
		{AF0555B9-2BF2-4C5C-95CB-31EB55C8DF15}.Release|Any CPU.Build.0 = Release|Any CPU
		{F7917584-7CDD-4476-8286-5FE68E64E3F9}.Debug|Any CPU.ActiveCfg = Debug|Any CPU
		{F7917584-7CDD-4476-8286-5FE68E64E3F9}.Debug|Any CPU.Build.0 = Debug|Any CPU
		{F7917584-7CDD-4476-8286-5FE68E64E3F9}.Release|Any CPU.ActiveCfg = Release|Any CPU
		{F7917584-7CDD-4476-8286-5FE68E64E3F9}.Release|Any CPU.Build.0 = Release|Any CPU
	EndGlobalSection
	GlobalSection(SolutionProperties) = preSolution
		HideSolutionNode = FALSE
	EndGlobalSection
EndGlobal
